
Microsoft Visual Studio Solution File, Format Version 12.00
Project("{FAE04EC0-301F-11D3-BF4B-00C04F79EFBC}") = "enums", "enums\enums.csproj", "{5A12D336-3242-42C2-A19F-F4F6D03BA800}"
EndProject
Global
	GlobalSection(SolutionConfigurationPlatforms) = preSolution
		Debug|Any CPU = Debug|Any CPU
		Release|Any CPU = Release|Any CPU
	EndGlobalSection
	GlobalSection(ProjectConfigurationPlatforms) = postSolution
		{5A12D336-3242-42C2-A19F-F4F6D03BA800}.Debug|Any CPU.ActiveCfg = Debug|Any CPU
		{5A12D336-3242-42C2-A19F-F4F6D03BA800}.Debug|Any CPU.Build.0 = Debug|Any CPU
		{5A12D336-3242-42C2-A19F-F4F6D03BA800}.Release|Any CPU.ActiveCfg = Release|Any CPU
		{5A12D336-3242-42C2-A19F-F4F6D03BA800}.Release|Any CPU.Build.0 = Release|Any CPU
	EndGlobalSection
EndGlobal
