
Microsoft Visual Studio Solution File, Format Version 12.00
Project("{FAE04EC0-301F-11D3-BF4B-00C04F79EFBC}") = "person", "person\person.csproj", "{9411BA92-3E15-4F4A-B75A-876482C50FEF}"
EndProject
Global
	GlobalSection(SolutionConfigurationPlatforms) = preSolution
		Debug|Any CPU = Debug|Any CPU
		Release|Any CPU = Release|Any CPU
	EndGlobalSection
	GlobalSection(ProjectConfigurationPlatforms) = postSolution
		{9411BA92-3E15-4F4A-B75A-876482C50FEF}.Debug|Any CPU.ActiveCfg = Debug|Any CPU
		{9411BA92-3E15-4F4A-B75A-876482C50FEF}.Debug|Any CPU.Build.0 = Debug|Any CPU
		{9411BA92-3E15-4F4A-B75A-876482C50FEF}.Release|Any CPU.ActiveCfg = Release|Any CPU
		{9411BA92-3E15-4F4A-B75A-876482C50FEF}.Release|Any CPU.Build.0 = Release|Any CPU
	EndGlobalSection
EndGlobal
