
Microsoft Visual Studio Solution File, Format Version 12.00
Project("{FAE04EC0-301F-11D3-BF4B-00C04F79EFBC}") = "reference-and-value-types", "reference-and-value-types\reference-and-value-types.csproj", "{F3E9851B-2D27-47B3-9D8D-771F9A96CF83}"
EndProject
Global
	GlobalSection(SolutionConfigurationPlatforms) = preSolution
		Debug|Any CPU = Debug|Any CPU
		Release|Any CPU = Release|Any CPU
	EndGlobalSection
	GlobalSection(ProjectConfigurationPlatforms) = postSolution
		{F3E9851B-2D27-47B3-9D8D-771F9A96CF83}.Debug|Any CPU.ActiveCfg = Debug|Any CPU
		{F3E9851B-2D27-47B3-9D8D-771F9A96CF83}.Debug|Any CPU.Build.0 = Debug|Any CPU
		{F3E9851B-2D27-47B3-9D8D-771F9A96CF83}.Release|Any CPU.ActiveCfg = Release|Any CPU
		{F3E9851B-2D27-47B3-9D8D-771F9A96CF83}.Release|Any CPU.Build.0 = Release|Any CPU
	EndGlobalSection
EndGlobal
