
Microsoft Visual Studio Solution File, Format Version 12.00
Project("{FAE04EC0-301F-11D3-BF4B-00C04F79EFBC}") = "Operators", "Operators\Operators.csproj", "{AF3232AB-739B-4A86-97F7-6617909B90C0}"
EndProject
Global
	GlobalSection(SolutionConfigurationPlatforms) = preSolution
		Debug|Any CPU = Debug|Any CPU
		Release|Any CPU = Release|Any CPU
	EndGlobalSection
	GlobalSection(ProjectConfigurationPlatforms) = postSolution
		{AF3232AB-739B-4A86-97F7-6617909B90C0}.Debug|Any CPU.ActiveCfg = Debug|Any CPU
		{AF3232AB-739B-4A86-97F7-6617909B90C0}.Debug|Any CPU.Build.0 = Debug|Any CPU
		{AF3232AB-739B-4A86-97F7-6617909B90C0}.Release|Any CPU.ActiveCfg = Release|Any CPU
		{AF3232AB-739B-4A86-97F7-6617909B90C0}.Release|Any CPU.Build.0 = Release|Any CPU
	EndGlobalSection
EndGlobal
